// !$*UTF8*$!
{
	archiveVersion = 1;
	classes = {
	};
	objectVersion = 56;
	objects = {

/* Begin PBXBuildFile section */
		2C3BFBD12A79DD24006B9955 /* MainViewModel.swift in Sources */ = {isa = PBXBuildFile; fileRef = 2C3BFBD02A79DD24006B9955 /* MainViewModel.swift */; };
		2C3BFBD32A7A3B62006B9955 /* HeaderSection.swift in Sources */ = {isa = PBXBuildFile; fileRef = 2C3BFBD22A7A3B62006B9955 /* HeaderSection.swift */; };
		2C3BFBD52A7A48F3006B9955 /* AdverticingView.swift in Sources */ = {isa = PBXBuildFile; fileRef = 2C3BFBD42A7A48F3006B9955 /* AdverticingView.swift */; };
		2C8321002A7A9A9E0028406D /* MenuViewController.swift in Sources */ = {isa = PBXBuildFile; fileRef = 2C8320FF2A7A9A9E0028406D /* MenuViewController.swift */; };
		2C8321022A7AF77F0028406D /* ProductsView.swift in Sources */ = {isa = PBXBuildFile; fileRef = 2C8321012A7AF77F0028406D /* ProductsView.swift */; };
		2C8321042A7B262C0028406D /* ContainerViewController.swift in Sources */ = {isa = PBXBuildFile; fileRef = 2C8321032A7B262C0028406D /* ContainerViewController.swift */; };
		2CDCC2CA2A799D1A00428010 /* AppDelegate.swift in Sources */ = {isa = PBXBuildFile; fileRef = 2CDCC2C92A799D1A00428010 /* AppDelegate.swift */; };
		2CDCC2CC2A799D1A00428010 /* SceneDelegate.swift in Sources */ = {isa = PBXBuildFile; fileRef = 2CDCC2CB2A799D1A00428010 /* SceneDelegate.swift */; };
		2CDCC2D32A799D1B00428010 /* Assets.xcassets in Resources */ = {isa = PBXBuildFile; fileRef = 2CDCC2D22A799D1B00428010 /* Assets.xcassets */; };
		2CDCC2D62A799D1B00428010 /* LaunchScreen.storyboard in Resources */ = {isa = PBXBuildFile; fileRef = 2CDCC2D42A799D1B00428010 /* LaunchScreen.storyboard */; };
		2CDCC2E02A799E5F00428010 /* MainViewController.swift in Sources */ = {isa = PBXBuildFile; fileRef = 2CDCC2DF2A799E5F00428010 /* MainViewController.swift */; };
		2CDCC2E22A799E8400428010 /* Network.swift in Sources */ = {isa = PBXBuildFile; fileRef = 2CDCC2E12A799E8400428010 /* Network.swift */; };
		2CDCC2E52A799FC300428010 /* Alamofire in Frameworks */ = {isa = PBXBuildFile; productRef = 2CDCC2E42A799FC300428010 /* Alamofire */; };
/* End PBXBuildFile section */

/* Begin PBXFileReference section */
		2C3BFBD02A79DD24006B9955 /* MainViewModel.swift */ = {isa = PBXFileReference; lastKnownFileType = sourcecode.swift; path = MainViewModel.swift; sourceTree = "<group>"; };
		2C3BFBD22A7A3B62006B9955 /* HeaderSection.swift */ = {isa = PBXFileReference; lastKnownFileType = sourcecode.swift; path = HeaderSection.swift; sourceTree = "<group>"; };
		2C3BFBD42A7A48F3006B9955 /* AdverticingView.swift */ = {isa = PBXFileReference; lastKnownFileType = sourcecode.swift; path = AdverticingView.swift; sourceTree = "<group>"; };
		2C8320FF2A7A9A9E0028406D /* MenuViewController.swift */ = {isa = PBXFileReference; lastKnownFileType = sourcecode.swift; path = MenuViewController.swift; sourceTree = "<group>"; };
		2C8321012A7AF77F0028406D /* ProductsView.swift */ = {isa = PBXFileReference; lastKnownFileType = sourcecode.swift; path = ProductsView.swift; sourceTree = "<group>"; };
		2C8321032A7B262C0028406D /* ContainerViewController.swift */ = {isa = PBXFileReference; lastKnownFileType = sourcecode.swift; path = ContainerViewController.swift; sourceTree = "<group>"; };
		2CDCC2C62A799D1A00428010 /* ProductShop.app */ = {isa = PBXFileReference; explicitFileType = wrapper.application; includeInIndex = 0; path = ProductShop.app; sourceTree = BUILT_PRODUCTS_DIR; };
		2CDCC2C92A799D1A00428010 /* AppDelegate.swift */ = {isa = PBXFileReference; lastKnownFileType = sourcecode.swift; path = AppDelegate.swift; sourceTree = "<group>"; };
		2CDCC2CB2A799D1A00428010 /* SceneDelegate.swift */ = {isa = PBXFileReference; lastKnownFileType = sourcecode.swift; path = SceneDelegate.swift; sourceTree = "<group>"; };
		2CDCC2D22A799D1B00428010 /* Assets.xcassets */ = {isa = PBXFileReference; lastKnownFileType = folder.assetcatalog; path = Assets.xcassets; sourceTree = "<group>"; };
		2CDCC2D52A799D1B00428010 /* Base */ = {isa = PBXFileReference; lastKnownFileType = file.storyboard; name = Base; path = Base.lproj/LaunchScreen.storyboard; sourceTree = "<group>"; };
		2CDCC2D72A799D1B00428010 /* Info.plist */ = {isa = PBXFileReference; lastKnownFileType = text.plist.xml; path = Info.plist; sourceTree = "<group>"; };
		2CDCC2DF2A799E5F00428010 /* MainViewController.swift */ = {isa = PBXFileReference; lastKnownFileType = sourcecode.swift; path = MainViewController.swift; sourceTree = "<group>"; };
		2CDCC2E12A799E8400428010 /* Network.swift */ = {isa = PBXFileReference; lastKnownFileType = sourcecode.swift; path = Network.swift; sourceTree = "<group>"; };
/* End PBXFileReference section */

/* Begin PBXFrameworksBuildPhase section */
		2CDCC2C32A799D1A00428010 /* Frameworks */ = {
			isa = PBXFrameworksBuildPhase;
			buildActionMask = 2147483647;
			files = (
				2CDCC2E52A799FC300428010 /* Alamofire in Frameworks */,
			);
			runOnlyForDeploymentPostprocessing = 0;
		};
/* End PBXFrameworksBuildPhase section */

/* Begin PBXGroup section */
		2C3BFBCB2A79DCCF006B9955 /* MainScreen */ = {
			isa = PBXGroup;
			children = (
				2C3BFBCD2A79DCF5006B9955 /* Model */,
				2C3BFBCE2A79DCFE006B9955 /* Views */,
				2C3BFBCC2A79DCE6006B9955 /* ViewController */,
			);
			path = MainScreen;
			sourceTree = "<group>";
		};
		2C3BFBCC2A79DCE6006B9955 /* ViewController */ = {
			isa = PBXGroup;
			children = (
				2CDCC2DF2A799E5F00428010 /* MainViewController.swift */,
				2C8320FF2A7A9A9E0028406D /* MenuViewController.swift */,
				2C8321032A7B262C0028406D /* ContainerViewController.swift */,
			);
			path = ViewController;
			sourceTree = "<group>";
		};
		2C3BFBCD2A79DCF5006B9955 /* Model */ = {
			isa = PBXGroup;
			children = (
				2C3BFBD02A79DD24006B9955 /* MainViewModel.swift */,
			);
			path = Model;
			sourceTree = "<group>";
		};
		2C3BFBCE2A79DCFE006B9955 /* Views */ = {
			isa = PBXGroup;
			children = (
				2C3BFBD22A7A3B62006B9955 /* HeaderSection.swift */,
				2C3BFBD42A7A48F3006B9955 /* AdverticingView.swift */,
				2C8321012A7AF77F0028406D /* ProductsView.swift */,
			);
			path = Views;
			sourceTree = "<group>";
		};
		2C3BFBCF2A79DD07006B9955 /* Services */ = {
			isa = PBXGroup;
			children = (
				2CDCC2E12A799E8400428010 /* Network.swift */,
			);
			path = Services;
			sourceTree = "<group>";
		};
		2CDCC2BD2A799D1900428010 = {
			isa = PBXGroup;
			children = (
				2CDCC2C82A799D1A00428010 /* ProductShop */,
				2CDCC2C72A799D1A00428010 /* Products */,
			);
			sourceTree = "<group>";
		};
		2CDCC2C72A799D1A00428010 /* Products */ = {
			isa = PBXGroup;
			children = (
				2CDCC2C62A799D1A00428010 /* ProductShop.app */,
			);
			name = Products;
			sourceTree = "<group>";
		};
		2CDCC2C82A799D1A00428010 /* ProductShop */ = {
			isa = PBXGroup;
			children = (
				2C3BFBCF2A79DD07006B9955 /* Services */,
				2CDCC2DE2A799E2900428010 /* Resources */,
				2CDCC2DD2A799D3200428010 /* Application */,
				2C3BFBCB2A79DCCF006B9955 /* MainScreen */,
			);
			path = ProductShop;
			sourceTree = "<group>";
		};
		2CDCC2DD2A799D3200428010 /* Application */ = {
			isa = PBXGroup;
			children = (
				2CDCC2C92A799D1A00428010 /* AppDelegate.swift */,
				2CDCC2CB2A799D1A00428010 /* SceneDelegate.swift */,
			);
			path = Application;
			sourceTree = "<group>";
		};
		2CDCC2DE2A799E2900428010 /* Resources */ = {
			isa = PBXGroup;
			children = (
				2CDCC2D22A799D1B00428010 /* Assets.xcassets */,
				2CDCC2D42A799D1B00428010 /* LaunchScreen.storyboard */,
				2CDCC2D72A799D1B00428010 /* Info.plist */,
			);
			path = Resources;
			sourceTree = "<group>";
		};
/* End PBXGroup section */

/* Begin PBXNativeTarget section */
		2CDCC2C52A799D1A00428010 /* ProductShop */ = {
			isa = PBXNativeTarget;
			buildConfigurationList = 2CDCC2DA2A799D1B00428010 /* Build configuration list for PBXNativeTarget "ProductShop" */;
			buildPhases = (
				2CDCC2C22A799D1A00428010 /* Sources */,
				2CDCC2C32A799D1A00428010 /* Frameworks */,
				2CDCC2C42A799D1A00428010 /* Resources */,
			);
			buildRules = (
			);
			dependencies = (
			);
			name = ProductShop;
			packageProductDependencies = (
				2CDCC2E42A799FC300428010 /* Alamofire */,
			);
			productName = ProductShop;
			productReference = 2CDCC2C62A799D1A00428010 /* ProductShop.app */;
			productType = "com.apple.product-type.application";
		};
/* End PBXNativeTarget section */

/* Begin PBXProject section */
		2CDCC2BE2A799D1900428010 /* Project object */ = {
			isa = PBXProject;
			attributes = {
				BuildIndependentTargetsInParallel = 1;
				LastSwiftUpdateCheck = 1430;
				LastUpgradeCheck = 1430;
				TargetAttributes = {
					2CDCC2C52A799D1A00428010 = {
						CreatedOnToolsVersion = 14.3;
					};
				};
			};
			buildConfigurationList = 2CDCC2C12A799D1900428010 /* Build configuration list for PBXProject "ProductShop" */;
			compatibilityVersion = "Xcode 14.0";
			developmentRegion = en;
			hasScannedForEncodings = 0;
			knownRegions = (
				en,
				Base,
			);
			mainGroup = 2CDCC2BD2A799D1900428010;
			packageReferences = (
				2CDCC2E32A799FC300428010 /* XCRemoteSwiftPackageReference "Alamofire" */,
			);
			productRefGroup = 2CDCC2C72A799D1A00428010 /* Products */;
			projectDirPath = "";
			projectRoot = "";
			targets = (
				2CDCC2C52A799D1A00428010 /* ProductShop */,
			);
		};
/* End PBXProject section */

/* Begin PBXResourcesBuildPhase section */
		2CDCC2C42A799D1A00428010 /* Resources */ = {
			isa = PBXResourcesBuildPhase;
			buildActionMask = 2147483647;
			files = (
				2CDCC2D62A799D1B00428010 /* LaunchScreen.storyboard in Resources */,
				2CDCC2D32A799D1B00428010 /* Assets.xcassets in Resources */,
			);
			runOnlyForDeploymentPostprocessing = 0;
		};
/* End PBXResourcesBuildPhase section */

/* Begin PBXSourcesBuildPhase section */
		2CDCC2C22A799D1A00428010 /* Sources */ = {
			isa = PBXSourcesBuildPhase;
			buildActionMask = 2147483647;
			files = (
				2C3BFBD52A7A48F3006B9955 /* AdverticingView.swift in Sources */,
				2C3BFBD12A79DD24006B9955 /* MainViewModel.swift in Sources */,
				2C8321042A7B262C0028406D /* ContainerViewController.swift in Sources */,
				2CDCC2E02A799E5F00428010 /* MainViewController.swift in Sources */,
				2C3BFBD32A7A3B62006B9955 /* HeaderSection.swift in Sources */,
				2CDCC2CA2A799D1A00428010 /* AppDelegate.swift in Sources */,
				2CDCC2E22A799E8400428010 /* Network.swift in Sources */,
				2CDCC2CC2A799D1A00428010 /* SceneDelegate.swift in Sources */,
				2C8321002A7A9A9E0028406D /* MenuViewController.swift in Sources */,
				2C8321022A7AF77F0028406D /* ProductsView.swift in Sources */,
			);
			runOnlyForDeploymentPostprocessing = 0;
		};
/* End PBXSourcesBuildPhase section */

/* Begin PBXVariantGroup section */
		2CDCC2D42A799D1B00428010 /* LaunchScreen.storyboard */ = {
			isa = PBXVariantGroup;
			children = (
				2CDCC2D52A799D1B00428010 /* Base */,
			);
			name = LaunchScreen.storyboard;
			sourceTree = "<group>";
		};
/* End PBXVariantGroup section */

/* Begin XCBuildConfiguration section */
		2CDCC2D82A799D1B00428010 /* Debug */ = {
			isa = XCBuildConfiguration;
			buildSettings = {
				ALWAYS_SEARCH_USER_PATHS = NO;
				CLANG_ANALYZER_NONNULL = YES;
				CLANG_ANALYZER_NUMBER_OBJECT_CONVERSION = YES_AGGRESSIVE;
				CLANG_CXX_LANGUAGE_STANDARD = "gnu++20";
				CLANG_ENABLE_MODULES = YES;
				CLANG_ENABLE_OBJC_ARC = YES;
				CLANG_ENABLE_OBJC_WEAK = YES;
				CLANG_WARN_BLOCK_CAPTURE_AUTORELEASING = YES;
				CLANG_WARN_BOOL_CONVERSION = YES;
				CLANG_WARN_COMMA = YES;
				CLANG_WARN_CONSTANT_CONVERSION = YES;
				CLANG_WARN_DEPRECATED_OBJC_IMPLEMENTATIONS = YES;
				CLANG_WARN_DIRECT_OBJC_ISA_USAGE = YES_ERROR;
				CLANG_WARN_DOCUMENTATION_COMMENTS = YES;
				CLANG_WARN_EMPTY_BODY = YES;
				CLANG_WARN_ENUM_CONVERSION = YES;
				CLANG_WARN_INFINITE_RECURSION = YES;
				CLANG_WARN_INT_CONVERSION = YES;
				CLANG_WARN_NON_LITERAL_NULL_CONVERSION = YES;
				CLANG_WARN_OBJC_IMPLICIT_RETAIN_SELF = YES;
				CLANG_WARN_OBJC_LITERAL_CONVERSION = YES;
				CLANG_WARN_OBJC_ROOT_CLASS = YES_ERROR;
				CLANG_WARN_QUOTED_INCLUDE_IN_FRAMEWORK_HEADER = YES;
				CLANG_WARN_RANGE_LOOP_ANALYSIS = YES;
				CLANG_WARN_STRICT_PROTOTYPES = YES;
				CLANG_WARN_SUSPICIOUS_MOVE = YES;
				CLANG_WARN_UNGUARDED_AVAILABILITY = YES_AGGRESSIVE;
				CLANG_WARN_UNREACHABLE_CODE = YES;
				CLANG_WARN__DUPLICATE_METHOD_MATCH = YES;
				COPY_PHASE_STRIP = NO;
				DEBUG_INFORMATION_FORMAT = dwarf;
				ENABLE_STRICT_OBJC_MSGSEND = YES;
				ENABLE_TESTABILITY = YES;
				GCC_C_LANGUAGE_STANDARD = gnu11;
				GCC_DYNAMIC_NO_PIC = NO;
				GCC_NO_COMMON_BLOCKS = YES;
				GCC_OPTIMIZATION_LEVEL = 0;
				GCC_PREPROCESSOR_DEFINITIONS = (
					"DEBUG=1",
					"$(inherited)",
				);
				GCC_WARN_64_TO_32_BIT_CONVERSION = YES;
				GCC_WARN_ABOUT_RETURN_TYPE = YES_ERROR;
				GCC_WARN_UNDECLARED_SELECTOR = YES;
				GCC_WARN_UNINITIALIZED_AUTOS = YES_AGGRESSIVE;
				GCC_WARN_UNUSED_FUNCTION = YES;
				GCC_WARN_UNUSED_VARIABLE = YES;
				IPHONEOS_DEPLOYMENT_TARGET = 16.4;
				MTL_ENABLE_DEBUG_INFO = INCLUDE_SOURCE;
				MTL_FAST_MATH = YES;
				ONLY_ACTIVE_ARCH = YES;
				SDKROOT = iphoneos;
				SWIFT_ACTIVE_COMPILATION_CONDITIONS = DEBUG;
				SWIFT_OPTIMIZATION_LEVEL = "-Onone";
			};
			name = Debug;
		};
		2CDCC2D92A799D1B00428010 /* Release */ = {
			isa = XCBuildConfiguration;
			buildSettings = {
				ALWAYS_SEARCH_USER_PATHS = NO;
				CLANG_ANALYZER_NONNULL = YES;
				CLANG_ANALYZER_NUMBER_OBJECT_CONVERSION = YES_AGGRESSIVE;
				CLANG_CXX_LANGUAGE_STANDARD = "gnu++20";
				CLANG_ENABLE_MODULES = YES;
				CLANG_ENABLE_OBJC_ARC = YES;
				CLANG_ENABLE_OBJC_WEAK = YES;
				CLANG_WARN_BLOCK_CAPTURE_AUTORELEASING = YES;
				CLANG_WARN_BOOL_CONVERSION = YES;
				CLANG_WARN_COMMA = YES;
				CLANG_WARN_CONSTANT_CONVERSION = YES;
				CLANG_WARN_DEPRECATED_OBJC_IMPLEMENTATIONS = YES;
				CLANG_WARN_DIRECT_OBJC_ISA_USAGE = YES_ERROR;
				CLANG_WARN_DOCUMENTATION_COMMENTS = YES;
				CLANG_WARN_EMPTY_BODY = YES;
				CLANG_WARN_ENUM_CONVERSION = YES;
				CLANG_WARN_INFINITE_RECURSION = YES;
				CLANG_WARN_INT_CONVERSION = YES;
				CLANG_WARN_NON_LITERAL_NULL_CONVERSION = YES;
				CLANG_WARN_OBJC_IMPLICIT_RETAIN_SELF = YES;
				CLANG_WARN_OBJC_LITERAL_CONVERSION = YES;
				CLANG_WARN_OBJC_ROOT_CLASS = YES_ERROR;
				CLANG_WARN_QUOTED_INCLUDE_IN_FRAMEWORK_HEADER = YES;
				CLANG_WARN_RANGE_LOOP_ANALYSIS = YES;
				CLANG_WARN_STRICT_PROTOTYPES = YES;
				CLANG_WARN_SUSPICIOUS_MOVE = YES;
				CLANG_WARN_UNGUARDED_AVAILABILITY = YES_AGGRESSIVE;
				CLANG_WARN_UNREACHABLE_CODE = YES;
				CLANG_WARN__DUPLICATE_METHOD_MATCH = YES;
				COPY_PHASE_STRIP = NO;
				DEBUG_INFORMATION_FORMAT = "dwarf-with-dsym";
				ENABLE_NS_ASSERTIONS = NO;
				ENABLE_STRICT_OBJC_MSGSEND = YES;
				GCC_C_LANGUAGE_STANDARD = gnu11;
				GCC_NO_COMMON_BLOCKS = YES;
				GCC_WARN_64_TO_32_BIT_CONVERSION = YES;
				GCC_WARN_ABOUT_RETURN_TYPE = YES_ERROR;
				GCC_WARN_UNDECLARED_SELECTOR = YES;
				GCC_WARN_UNINITIALIZED_AUTOS = YES_AGGRESSIVE;
				GCC_WARN_UNUSED_FUNCTION = YES;
				GCC_WARN_UNUSED_VARIABLE = YES;
				IPHONEOS_DEPLOYMENT_TARGET = 16.4;
				MTL_ENABLE_DEBUG_INFO = NO;
				MTL_FAST_MATH = YES;
				SDKROOT = iphoneos;
				SWIFT_COMPILATION_MODE = wholemodule;
				SWIFT_OPTIMIZATION_LEVEL = "-O";
				VALIDATE_PRODUCT = YES;
			};
			name = Release;
		};
		2CDCC2DB2A799D1B00428010 /* Debug */ = {
			isa = XCBuildConfiguration;
			buildSettings = {
				ASSETCATALOG_COMPILER_APPICON_NAME = AppIcon;
				ASSETCATALOG_COMPILER_GLOBAL_ACCENT_COLOR_NAME = AccentColor;
				CODE_SIGN_STYLE = Automatic;
				CURRENT_PROJECT_VERSION = 1;
				DEVELOPMENT_TEAM = SKCX3NJ774;
				GENERATE_INFOPLIST_FILE = YES;
				INFOPLIST_FILE = ProductShop/Resources/Info.plist;
				INFOPLIST_KEY_CFBundleDisplayName = Marking;
				INFOPLIST_KEY_UIApplicationSupportsIndirectInputEvents = YES;
				INFOPLIST_KEY_UILaunchStoryboardName = LaunchScreen;
				INFOPLIST_KEY_UISupportedInterfaceOrientations_iPad = "UIInterfaceOrientationPortrait UIInterfaceOrientationPortraitUpsideDown UIInterfaceOrientationLandscapeLeft UIInterfaceOrientationLandscapeRight";
				INFOPLIST_KEY_UISupportedInterfaceOrientations_iPhone = "UIInterfaceOrientationPortrait UIInterfaceOrientationLandscapeLeft UIInterfaceOrientationLandscapeRight";
				LD_RUNPATH_SEARCH_PATHS = (
					"$(inherited)",
					"@executable_path/Frameworks",
				);
				MARKETING_VERSION = 1.0;
				PRODUCT_BUNDLE_IDENTIFIER = com.mightyK1ngRichard.ProductShop;
				PRODUCT_NAME = "$(TARGET_NAME)";
				SWIFT_EMIT_LOC_STRINGS = YES;
				SWIFT_VERSION = 5.0;
				TARGETED_DEVICE_FAMILY = "1,2";
			};
			name = Debug;
		};
		2CDCC2DC2A799D1B00428010 /* Release */ = {
			isa = XCBuildConfiguration;
			buildSettings = {
				ASSETCATALOG_COMPILER_APPICON_NAME = AppIcon;
				ASSETCATALOG_COMPILER_GLOBAL_ACCENT_COLOR_NAME = AccentColor;
				CODE_SIGN_STYLE = Automatic;
				CURRENT_PROJECT_VERSION = 1;
				DEVELOPMENT_TEAM = SKCX3NJ774;
				GENERATE_INFOPLIST_FILE = YES;
				INFOPLIST_FILE = ProductShop/Resources/Info.plist;
				INFOPLIST_KEY_CFBundleDisplayName = Marking;
				INFOPLIST_KEY_UIApplicationSupportsIndirectInputEvents = YES;
				INFOPLIST_KEY_UILaunchStoryboardName = LaunchScreen;
				INFOPLIST_KEY_UISupportedInterfaceOrientations_iPad = "UIInterfaceOrientationPortrait UIInterfaceOrientationPortraitUpsideDown UIInterfaceOrientationLandscapeLeft UIInterfaceOrientationLandscapeRight";
				INFOPLIST_KEY_UISupportedInterfaceOrientations_iPhone = "UIInterfaceOrientationPortrait UIInterfaceOrientationLandscapeLeft UIInterfaceOrientationLandscapeRight";
				LD_RUNPATH_SEARCH_PATHS = (
					"$(inherited)",
					"@executable_path/Frameworks",
				);
				MARKETING_VERSION = 1.0;
				PRODUCT_BUNDLE_IDENTIFIER = com.mightyK1ngRichard.ProductShop;
				PRODUCT_NAME = "$(TARGET_NAME)";
				SWIFT_EMIT_LOC_STRINGS = YES;
				SWIFT_VERSION = 5.0;
				TARGETED_DEVICE_FAMILY = "1,2";
			};
			name = Release;
		};
/* End XCBuildConfiguration section */

/* Begin XCConfigurationList section */
		2CDCC2C12A799D1900428010 /* Build configuration list for PBXProject "ProductShop" */ = {
			isa = XCConfigurationList;
			buildConfigurations = (
				2CDCC2D82A799D1B00428010 /* Debug */,
				2CDCC2D92A799D1B00428010 /* Release */,
			);
			defaultConfigurationIsVisible = 0;
			defaultConfigurationName = Release;
		};
		2CDCC2DA2A799D1B00428010 /* Build configuration list for PBXNativeTarget "ProductShop" */ = {
			isa = XCConfigurationList;
			buildConfigurations = (
				2CDCC2DB2A799D1B00428010 /* Debug */,
				2CDCC2DC2A799D1B00428010 /* Release */,
			);
			defaultConfigurationIsVisible = 0;
			defaultConfigurationName = Release;
		};
/* End XCConfigurationList section */

/* Begin XCRemoteSwiftPackageReference section */
		2CDCC2E32A799FC300428010 /* XCRemoteSwiftPackageReference "Alamofire" */ = {
			isa = XCRemoteSwiftPackageReference;
			repositoryURL = "https://github.com/Alamofire/Alamofire.git";
			requirement = {
				kind = upToNextMajorVersion;
				minimumVersion = 5.0.0;
			};
		};
/* End XCRemoteSwiftPackageReference section */

/* Begin XCSwiftPackageProductDependency section */
		2CDCC2E42A799FC300428010 /* Alamofire */ = {
			isa = XCSwiftPackageProductDependency;
			package = 2CDCC2E32A799FC300428010 /* XCRemoteSwiftPackageReference "Alamofire" */;
			productName = Alamofire;
		};
/* End XCSwiftPackageProductDependency section */
	};
	rootObject = 2CDCC2BE2A799D1900428010 /* Project object */;
}
